
Microsoft Visual Studio Solution File, Format Version 12.00
# Visual Studio Version 16
VisualStudioVersion = 16.0.31105.61
MinimumVisualStudioVersion = 10.0.40219.1
Project("{FAE04EC0-301F-11D3-BF4B-00C04F79EFBC}") = "consoleApp", "consoleApp.csproj", "{E67CAFDE-9201-44A3-AA04-80BA7D2208EA}"
EndProject
Global
	GlobalSection(SolutionConfigurationPlatforms) = preSolution
		Debug|Any CPU = Debug|Any CPU
		Release|Any CPU = Release|Any CPU
	EndGlobalSection
	GlobalSection(ProjectConfigurationPlatforms) = postSolution
		{E67CAFDE-9201-44A3-AA04-80BA7D2208EA}.Debug|Any CPU.ActiveCfg = Debug|Any CPU
		{E67CAFDE-9201-44A3-AA04-80BA7D2208EA}.Debug|Any CPU.Build.0 = Debug|Any CPU
		{E67CAFDE-9201-44A3-AA04-80BA7D2208EA}.Release|Any CPU.ActiveCfg = Release|Any CPU
		{E67CAFDE-9201-44A3-AA04-80BA7D2208EA}.Release|Any CPU.Build.0 = Release|Any CPU
	EndGlobalSection
	GlobalSection(SolutionProperties) = preSolution
		HideSolutionNode = FALSE
	EndGlobalSection
	GlobalSection(ExtensibilityGlobals) = postSolution
		SolutionGuid = {AAF1166F-5F88-4C16-ACA6-4B8F70E55DB1}
	EndGlobalSection
EndGlobal
